
Microsoft Visual Studio Solution File, Format Version 12.00
# Visual Studio Version 16
VisualStudioVersion = 16.0.33423.256
MinimumVisualStudioVersion = 10.0.40219.1
Project("{FAE04EC0-301F-11D3-BF4B-00C04F79EFBC}") = "dotnet-react-rating", "dotnet-react-rating\dotnet-react-rating.csproj", "{DF29FDD7-2BE8-40AF-9729-FA353853ABB5}"
EndProject
Global
	GlobalSection(SolutionConfigurationPlatforms) = preSolution
		Debug|Any CPU = Debug|Any CPU
		Release|Any CPU = Release|Any CPU
	EndGlobalSection
	GlobalSection(ProjectConfigurationPlatforms) = postSolution
		{DF29FDD7-2BE8-40AF-9729-FA353853ABB5}.Debug|Any CPU.ActiveCfg = Debug|Any CPU
		{DF29FDD7-2BE8-40AF-9729-FA353853ABB5}.Debug|Any CPU.Build.0 = Debug|Any CPU
		{DF29FDD7-2BE8-40AF-9729-FA353853ABB5}.Release|Any CPU.ActiveCfg = Release|Any CPU
		{DF29FDD7-2BE8-40AF-9729-FA353853ABB5}.Release|Any CPU.Build.0 = Release|Any CPU
	EndGlobalSection
	GlobalSection(SolutionProperties) = preSolution
		HideSolutionNode = FALSE
	EndGlobalSection
	GlobalSection(ExtensibilityGlobals) = postSolution
		SolutionGuid = {C5A4C7FC-7488-43BE-BCC4-4DB7FD9F311A}
	EndGlobalSection
EndGlobal
